
Microsoft Visual Studio Solution File, Format Version 12.00
# Visual Studio 14
VisualStudioVersion = 14.0.24720.0
MinimumVisualStudioVersion = 10.0.40219.1
Project("{FAE04EC0-301F-11D3-BF4B-00C04F79EFBC}") = "Main", "Main\Main.csproj", "{BD833B68-E701-43C4-BAF8-3F82CD0A6902}"
EndProject
Project("{FAE04EC0-301F-11D3-BF4B-00C04F79EFBC}") = "AccountBookListBoxSample", "AccountBookListBoxSample\AccountBookListBoxSample.csproj", "{958D58DC-C924-4543-AF23-C780D2F3C926}"
EndProject
Global
	GlobalSection(SolutionConfigurationPlatforms) = preSolution
		Debug|Any CPU = Debug|Any CPU
		Debug|x86 = Debug|x86
		Release|Any CPU = Release|Any CPU
		Release|x86 = Release|x86
	EndGlobalSection
	GlobalSection(ProjectConfigurationPlatforms) = postSolution
		{BD833B68-E701-43C4-BAF8-3F82CD0A6902}.Debug|Any CPU.ActiveCfg = Debug|Any CPU
		{BD833B68-E701-43C4-BAF8-3F82CD0A6902}.Debug|Any CPU.Build.0 = Debug|Any CPU
		{BD833B68-E701-43C4-BAF8-3F82CD0A6902}.Debug|x86.ActiveCfg = Debug|x86
		{BD833B68-E701-43C4-BAF8-3F82CD0A6902}.Debug|x86.Build.0 = Debug|x86
		{BD833B68-E701-43C4-BAF8-3F82CD0A6902}.Release|Any CPU.ActiveCfg = Release|Any CPU
		{BD833B68-E701-43C4-BAF8-3F82CD0A6902}.Release|Any CPU.Build.0 = Release|Any CPU
		{BD833B68-E701-43C4-BAF8-3F82CD0A6902}.Release|x86.ActiveCfg = Release|x86
		{BD833B68-E701-43C4-BAF8-3F82CD0A6902}.Release|x86.Build.0 = Release|x86
		{958D58DC-C924-4543-AF23-C780D2F3C926}.Debug|Any CPU.ActiveCfg = Debug|x86
		{958D58DC-C924-4543-AF23-C780D2F3C926}.Debug|x86.ActiveCfg = Debug|x86
		{958D58DC-C924-4543-AF23-C780D2F3C926}.Debug|x86.Build.0 = Debug|x86
		{958D58DC-C924-4543-AF23-C780D2F3C926}.Release|Any CPU.ActiveCfg = Release|x86
		{958D58DC-C924-4543-AF23-C780D2F3C926}.Release|x86.ActiveCfg = Release|x86
		{958D58DC-C924-4543-AF23-C780D2F3C926}.Release|x86.Build.0 = Release|x86
	EndGlobalSection
	GlobalSection(SolutionProperties) = preSolution
		HideSolutionNode = FALSE
	EndGlobalSection
EndGlobal
